<?xml version="1.0" encoding="utf-8"?>
<Project ToolsVersion="4.0" xmlns="http://schemas.microsoft.com/developer/msbuild/2003">
  <ItemGroup>
    <Filter Include="Source Files">
      <UniqueIdentifier>{4FC737F1-C7A5-4376-A066-2A32D752A2FF}</UniqueIdentifier>
      <Extensions>cpp;c;cc;cxx;def;odl;idl;hpj;bat;asm;asmx</Extensions>
    </Filter>
    <Filter Include="Header Files">
      <UniqueIdentifier>{93995380-89BD-4b04-88EB-625FBE52EBFB}</UniqueIdentifier>
      <Extensions>h;hpp;hxx;hm;inl;inc;xsd</Extensions>
    </Filter>
    <Filter Include="Resource Files">
      <UniqueIdentifier>{67DA6AB6-F800-4c08-8B7A-83BB121AAD01}</UniqueIdentifier>
      <Extensions>rc;ico;cur;bmp;dlg;rc2;rct;bin;rgs;gif;jpg;jpeg;jpe;resx;tiff;tif;png;wav;mfcribbon-ms</Extensions>
    </Filter>
    <Filter Include="tinyaobjloader">
      <UniqueIdentifier>{0dba4097-44c4-489b-9fbd-f4f143198903}</UniqueIdentifier>
    </Filter>
    <Filter Include="triangle">
      <UniqueIdentifier>{59ede959-87b5-4292-ae24-5ab0f9b8f5ba}</UniqueIdentifier>
    </Filter>
    <Filter Include="coreutil">
      <UniqueIdentifier>{cb784765-d113-4753-8b1a-f1fdd0c40378}</UniqueIdentifier>
    </Filter>
  </ItemGroup>
  <ItemGroup>
    <None Include="ReadMe.txt" />
  </ItemGroup>
  <ItemGroup>
    <ClInclude Include="stdafx.h">
      <Filter>Header Files</Filter>
    </ClInclude>
    <ClInclude Include="targetver.h">
      <Filter>Header Files</Filter>
    </ClInclude>
    <ClInclude Include="txFemSurf.h">
      <Filter>Header Files</Filter>
    </ClInclude>
    <ClInclude Include="xtVec3d.h">
      <Filter>Header Files</Filter>
    </ClInclude>
    <ClInclude Include="..\buildpyramidGeometry\osgcommon.h">
      <Filter>Header Files</Filter>
    </ClInclude>
    <ClInclude Include="..\buildpyramidGeometry\xtCreateHUD.h">
      <Filter>Header Files</Filter>
    </ClInclude>
    <ClInclude Include="..\buildpyramidGeometry\xtPickHandler.h">
      <Filter>Header Files</Filter>
    </ClInclude>
    <ClInclude Include="Octree.h">
      <Filter>Header Files</Filter>
    </ClInclude>
    <ClInclude Include="OctreePoint.h">
      <Filter>Header Files</Filter>
    </ClInclude>
    <ClInclude Include="Stopwatch.h">
      <Filter>Header Files</Filter>
    </ClInclude>
    <ClInclude Include="Vec3.h">
      <Filter>Header Files</Filter>
    </ClInclude>
    <ClInclude Include="xtOctreeScene.h">
      <Filter>Header Files</Filter>
    </ClInclude>
    <ClInclude Include="xtFemsurfOctreeScene.h">
      <Filter>Header Files</Filter>
    </ClInclude>
    <ClInclude Include="xtWinGUIUtil.h">
      <Filter>Header Files</Filter>
    </ClInclude>
    <ClInclude Include="xtOctree.h">
      <Filter>Header Files</Filter>
    </ClInclude>
    <ClInclude Include="xtOctreeAdapter.h">
      <Filter>Header Files</Filter>
    </ClInclude>
    <ClInclude Include="xtOctreeNode.h">
      <Filter>Header Files</Filter>
    </ClInclude>
    <ClInclude Include="mxtOctreeScene.h">
      <Filter>Header Files</Filter>
    </ClInclude>
    <ClInclude Include="xtTriangleBox3Overlap.h">
      <Filter>Header Files</Filter>
    </ClInclude>
    <ClInclude Include="tinyobjloader-master\tiny_obj_loader.h">
      <Filter>tinyaobjloader</Filter>
    </ClInclude>
    <ClInclude Include="xtObjScene.h">
      <Filter>Header Files</Filter>
    </ClInclude>
    <ClInclude Include="xtObjOctreeScene.h">
      <Filter>Header Files</Filter>
    </ClInclude>
    <ClInclude Include="xtTinyIMPL.h">
      <Filter>Header Files</Filter>
    </ClInclude>
    <ClInclude Include="xtOctreeDisplayUtil.h">
      <Filter>Header Files</Filter>
    </ClInclude>
    <ClInclude Include="xtWRLMParser.h">
      <Filter>Header Files</Filter>
    </ClInclude>
    <ClInclude Include="xtPrimitive.h">
      <Filter>Header Files</Filter>
    </ClInclude>
    <ClInclude Include="xtDebutUtil.h">
      <Filter>Header Files</Filter>
    </ClInclude>
    <ClInclude Include="Vec2.h">
      <Filter>Header Files</Filter>
    </ClInclude>
    <ClInclude Include="xtWRLData.h">
      <Filter>Header Files</Filter>
    </ClInclude>
    <ClInclude Include="xtWRLScene.h">
      <Filter>Header Files</Filter>
    </ClInclude>
    <ClInclude Include="xtImagPro.h">
      <Filter>Header Files</Filter>
    </ClInclude>
    <ClInclude Include="xtConvertUtil.h">
      <Filter>Header Files</Filter>
    </ClInclude>
    <ClInclude Include="xtSectionOctree.h">
      <Filter>Header Files</Filter>
    </ClInclude>
    <ClInclude Include="xtGTSParser.h">
      <Filter>Header Files</Filter>
    </ClInclude>
    <ClInclude Include="xtGeometrySurfaceData.h">
      <Filter>Header Files</Filter>
    </ClInclude>
    <ClInclude Include="linearmathcom.h">
      <Filter>Header Files</Filter>
    </ClInclude>
    <ClInclude Include="xtInterferecenTest.h">
      <Filter>Header Files</Filter>
    </ClInclude>
    <ClInclude Include="RTree.h">
      <Filter>Header Files</Filter>
    </ClInclude>
    <ClInclude Include="xtCollisionEngine.h">
      <Filter>Header Files</Filter>
    </ClInclude>
    <ClInclude Include="xtPrimitiveTestUtil.h">
      <Filter>Header Files</Filter>
    </ClInclude>
    <ClInclude Include="xtTriTriCollideScene.h">
      <Filter>Header Files</Filter>
    </ClInclude>
    <ClInclude Include="Vectors.h">
      <Filter>Header Files</Filter>
    </ClInclude>
    <ClInclude Include="xtRayTriOverlay.h">
      <Filter>Header Files</Filter>
    </ClInclude>
    <ClInclude Include="xtSplitBuilder.h">
      <Filter>Header Files</Filter>
    </ClInclude>
    <ClInclude Include="xtLog.h">
      <Filter>Header Files</Filter>
    </ClInclude>
    <ClInclude Include="trianglev2\common.h">
      <Filter>triangle</Filter>
    </ClInclude>
    <ClInclude Include="trianglev2\triangle.h">
      <Filter>triangle</Filter>
    </ClInclude>
    <ClInclude Include="trianglev2\xtTrianglePLSG.h">
      <Filter>triangle</Filter>
    </ClInclude>
    <ClInclude Include="trianglev2\triangleprimitive.h">
      <Filter>triangle</Filter>
    </ClInclude>
    <ClInclude Include="xtTestSTLFunction.h">
      <Filter>Header Files</Filter>
    </ClInclude>
    <ClInclude Include="xtOpenmeshHeader.h">
      <Filter>Header Files</Filter>
    </ClInclude>
    <ClInclude Include="core\xtMemPool.h">
      <Filter>Header Files</Filter>
    </ClInclude>
    <ClInclude Include="coreutil\xtMemPool.h">
      <Filter>coreutil</Filter>
    </ClInclude>
    <ClInclude Include="coreutil\xtMemPoolTest.h">
      <Filter>coreutil</Filter>
    </ClInclude>
    <ClInclude Include="coreutil\xtIterPool.h">
      <Filter>coreutil</Filter>
    </ClInclude>
    <ClInclude Include="coreutil\xtMemCachedList.h">
      <Filter>coreutil</Filter>
    </ClInclude>
  </ItemGroup>
  <ItemGroup>
    <ClCompile Include="stdafx.cpp">
      <Filter>Source Files</Filter>
    </ClCompile>
    <ClCompile Include="osg-meshview.cpp">
      <Filter>Source Files</Filter>
    </ClCompile>
    <ClCompile Include="txFemSurf.cpp">
      <Filter>Source Files</Filter>
    </ClCompile>
    <ClCompile Include="xtVec3d.cpp">
      <Filter>Source Files</Filter>
    </ClCompile>
    <ClCompile Include="..\buildpyramidGeometry\xtCreateHUD.cpp">
      <Filter>Source Files</Filter>
    </ClCompile>
    <ClCompile Include="..\buildpyramidGeometry\xtPickHandler.cpp">
      <Filter>Source Files</Filter>
    </ClCompile>
    <ClCompile Include="xtOctreeScene.cpp">
      <Filter>Source Files</Filter>
    </ClCompile>
    <ClCompile Include="xtFemsurfOctreeScene.cpp">
      <Filter>Source Files</Filter>
    </ClCompile>
    <ClCompile Include="xtWinGUIUtil.cpp">
      <Filter>Source Files</Filter>
    </ClCompile>
    <ClCompile Include="xtOctree.cpp">
      <Filter>Source Files</Filter>
    </ClCompile>
    <ClCompile Include="xtOctreeAdapter.cpp">
      <Filter>Source Files</Filter>
    </ClCompile>
    <ClCompile Include="xtOctreeNode.cpp">
      <Filter>Source Files</Filter>
    </ClCompile>
    <ClCompile Include="mxtOctreeScene.cpp">
      <Filter>Source Files</Filter>
    </ClCompile>
    <ClCompile Include="xtTriangleBox3Overlap.cpp">
      <Filter>Source Files</Filter>
    </ClCompile>
    <ClCompile Include="tinyobjloader-master\tiny_obj_loader.cc">
      <Filter>tinyaobjloader</Filter>
    </ClCompile>
    <ClCompile Include="xtObjScene.cpp">
      <Filter>Source Files</Filter>
    </ClCompile>
    <ClCompile Include="xtObjOctreeScene.cpp">
      <Filter>Source Files</Filter>
    </ClCompile>
    <ClCompile Include="xtTinyIMPL.cpp">
      <Filter>Source Files</Filter>
    </ClCompile>
    <ClCompile Include="xtOctreeDisplayUtil.cpp">
      <Filter>Source Files</Filter>
    </ClCompile>
    <ClCompile Include="xtWRLMParser.cpp">
      <Filter>Source Files</Filter>
    </ClCompile>
    <ClCompile Include="Vec2.cpp">
      <Filter>Source Files</Filter>
    </ClCompile>
    <ClCompile Include="xtWRLData.cpp">
      <Filter>Source Files</Filter>
    </ClCompile>
    <ClCompile Include="xtWRLScene.cpp">
      <Filter>Source Files</Filter>
    </ClCompile>
    <ClCompile Include="xtImagPro.cpp">
      <Filter>Source Files</Filter>
    </ClCompile>
    <ClCompile Include="xtConvertUtil.cpp">
      <Filter>Source Files</Filter>
    </ClCompile>
    <ClCompile Include="xtSectionOctree.cpp">
      <Filter>Source Files</Filter>
    </ClCompile>
    <ClCompile Include="xtGTSParser.cpp">
      <Filter>Source Files</Filter>
    </ClCompile>
    <ClCompile Include="xtGeometrySurfaceData.cpp">
      <Filter>Source Files</Filter>
    </ClCompile>
    <ClCompile Include="xtInterferecenTest.cpp">
      <Filter>Source Files</Filter>
    </ClCompile>
    <ClCompile Include="xtCollisionEngine.cpp">
      <Filter>Source Files</Filter>
    </ClCompile>
    <ClCompile Include="xtPrimitiveTestUtil.cpp">
      <Filter>Source Files</Filter>
    </ClCompile>
    <ClCompile Include="xtTriTriCollideScene.cpp">
      <Filter>Source Files</Filter>
    </ClCompile>
    <ClCompile Include="xtRayTriOverlay.cpp">
      <Filter>Source Files</Filter>
    </ClCompile>
    <ClCompile Include="xtSplitBuilder.cpp">
      <Filter>Source Files</Filter>
    </ClCompile>
    <ClCompile Include="xtPrimitive.cpp">
      <Filter>Source Files</Filter>
    </ClCompile>
    <ClCompile Include="xtLog.cpp">
      <Filter>Source Files</Filter>
    </ClCompile>
    <ClCompile Include="trianglev2\triangle.cpp">
      <Filter>triangle</Filter>
    </ClCompile>
    <ClCompile Include="trianglev2\xtTrianglePLSG.cpp">
      <Filter>triangle</Filter>
    </ClCompile>
    <ClCompile Include="xtTestSTLFunction.cpp">
      <Filter>Source Files</Filter>
    </ClCompile>
    <ClCompile Include="xtOpenmeshHeader.cpp">
      <Filter>Source Files</Filter>
    </ClCompile>
    <ClCompile Include="coreutil\xtMemPool.cpp">
      <Filter>coreutil</Filter>
    </ClCompile>
    <ClCompile Include="coreutil\xtMemPoolTest.cpp">
      <Filter>coreutil</Filter>
    </ClCompile>
    <ClCompile Include="coreutil\xtIterPool.cpp">
      <Filter>coreutil</Filter>
    </ClCompile>
    <ClCompile Include="coreutil\xtMemCachedList.cpp">
      <Filter>coreutil</Filter>
    </ClCompile>
  </ItemGroup>
</Project>